
Microsoft Visual Studio Solution File, Format Version 12.00
# Visual Studio Version 17
VisualStudioVersion = 17.9.34728.123
MinimumVisualStudioVersion = 10.0.40219.1
Project("{9A19103F-16F7-4668-BE54-9A1E7A4F7556}") = "SR", "SR.csproj", "{C43D9ADE-73D7-4817-9161-AF475FA2A86F}"
EndProject
Global
	GlobalSection(SolutionConfigurationPlatforms) = preSolution
		Debug|Any CPU = Debug|Any CPU
		Release|Any CPU = Release|Any CPU
	EndGlobalSection
	GlobalSection(ProjectConfigurationPlatforms) = postSolution
		{C43D9ADE-73D7-4817-9161-AF475FA2A86F}.Debug|Any CPU.ActiveCfg = Debug|Any CPU
		{C43D9ADE-73D7-4817-9161-AF475FA2A86F}.Debug|Any CPU.Build.0 = Debug|Any CPU
		{C43D9ADE-73D7-4817-9161-AF475FA2A86F}.Release|Any CPU.ActiveCfg = Release|Any CPU
		{C43D9ADE-73D7-4817-9161-AF475FA2A86F}.Release|Any CPU.Build.0 = Release|Any CPU
	EndGlobalSection
	GlobalSection(SolutionProperties) = preSolution
		HideSolutionNode = FALSE
	EndGlobalSection
	GlobalSection(ExtensibilityGlobals) = postSolution
		SolutionGuid = {D191F565-9035-4E60-8AD9-92870CBE58BE}
	EndGlobalSection
EndGlobal
